
Microsoft Visual Studio Solution File, Format Version 12.00
# Visual Studio Version 17
VisualStudioVersion = 17.6.33829.357
MinimumVisualStudioVersion = 10.0.40219.1
Project("{FAE04EC0-301F-11D3-BF4B-00C04F79EFBC}") = "Business", "UnitTestUdemy\Business.csproj", "{CB042B4F-C336-4C8E-B45A-3C90A696C669}"
EndProject
Project("{FAE04EC0-301F-11D3-BF4B-00C04F79EFBC}") = "Business.Tests", "Business.Tests\Business.Tests.csproj", "{E8536438-B68F-450D-812B-0F0927984840}"
EndProject
Project("{9A19103F-16F7-4668-BE54-9A1E7A4F7556}") = "TDD_Course", "TDD_Course\TDD_Course.csproj", "{D52C9B98-94E9-4208-A774-78DCAC0F7FF1}"
EndProject
Project("{FAE04EC0-301F-11D3-BF4B-00C04F79EFBC}") = "Algorithms-Course", "Algorithms-Course\Algorithms-Course.csproj", "{6EF2058E-373C-4B5E-B22B-9922E08466B3}"
EndProject
Project("{FAE04EC0-301F-11D3-BF4B-00C04F79EFBC}") = "Algorithms-DataStruct-Lib", "Algorithms-DataStruct-Lib\Algorithms-DataStruct-Lib.csproj", "{721DEE0B-F0E3-48EA-96D3-194271FABDCF}"
EndProject
Project("{FAE04EC0-301F-11D3-BF4B-00C04F79EFBC}") = "Algorithms-DataStruct-Lib.Tests", "Algorithms-DataStruct-Lib.Tests\Algorithms-DataStruct-Lib.Tests.csproj", "{F10AFFA8-91B3-4F3D-B1B1-B8B385C2D1C0}"
EndProject
Global
	GlobalSection(SolutionConfigurationPlatforms) = preSolution
		Debug|Any CPU = Debug|Any CPU
		Release|Any CPU = Release|Any CPU
	EndGlobalSection
	GlobalSection(ProjectConfigurationPlatforms) = postSolution
		{CB042B4F-C336-4C8E-B45A-3C90A696C669}.Debug|Any CPU.ActiveCfg = Debug|Any CPU
		{CB042B4F-C336-4C8E-B45A-3C90A696C669}.Debug|Any CPU.Build.0 = Debug|Any CPU
		{CB042B4F-C336-4C8E-B45A-3C90A696C669}.Release|Any CPU.ActiveCfg = Release|Any CPU
		{CB042B4F-C336-4C8E-B45A-3C90A696C669}.Release|Any CPU.Build.0 = Release|Any CPU
		{E8536438-B68F-450D-812B-0F0927984840}.Debug|Any CPU.ActiveCfg = Debug|Any CPU
		{E8536438-B68F-450D-812B-0F0927984840}.Debug|Any CPU.Build.0 = Debug|Any CPU
		{E8536438-B68F-450D-812B-0F0927984840}.Release|Any CPU.ActiveCfg = Release|Any CPU
		{E8536438-B68F-450D-812B-0F0927984840}.Release|Any CPU.Build.0 = Release|Any CPU
		{D52C9B98-94E9-4208-A774-78DCAC0F7FF1}.Debug|Any CPU.ActiveCfg = Debug|Any CPU
		{D52C9B98-94E9-4208-A774-78DCAC0F7FF1}.Debug|Any CPU.Build.0 = Debug|Any CPU
		{D52C9B98-94E9-4208-A774-78DCAC0F7FF1}.Release|Any CPU.ActiveCfg = Release|Any CPU
		{D52C9B98-94E9-4208-A774-78DCAC0F7FF1}.Release|Any CPU.Build.0 = Release|Any CPU
		{6EF2058E-373C-4B5E-B22B-9922E08466B3}.Debug|Any CPU.ActiveCfg = Debug|Any CPU
		{6EF2058E-373C-4B5E-B22B-9922E08466B3}.Debug|Any CPU.Build.0 = Debug|Any CPU
		{6EF2058E-373C-4B5E-B22B-9922E08466B3}.Release|Any CPU.ActiveCfg = Release|Any CPU
		{6EF2058E-373C-4B5E-B22B-9922E08466B3}.Release|Any CPU.Build.0 = Release|Any CPU
		{721DEE0B-F0E3-48EA-96D3-194271FABDCF}.Debug|Any CPU.ActiveCfg = Debug|Any CPU
		{721DEE0B-F0E3-48EA-96D3-194271FABDCF}.Debug|Any CPU.Build.0 = Debug|Any CPU
		{721DEE0B-F0E3-48EA-96D3-194271FABDCF}.Release|Any CPU.ActiveCfg = Release|Any CPU
		{721DEE0B-F0E3-48EA-96D3-194271FABDCF}.Release|Any CPU.Build.0 = Release|Any CPU
		{F10AFFA8-91B3-4F3D-B1B1-B8B385C2D1C0}.Debug|Any CPU.ActiveCfg = Debug|Any CPU
		{F10AFFA8-91B3-4F3D-B1B1-B8B385C2D1C0}.Debug|Any CPU.Build.0 = Debug|Any CPU
		{F10AFFA8-91B3-4F3D-B1B1-B8B385C2D1C0}.Release|Any CPU.ActiveCfg = Release|Any CPU
		{F10AFFA8-91B3-4F3D-B1B1-B8B385C2D1C0}.Release|Any CPU.Build.0 = Release|Any CPU
	EndGlobalSection
	GlobalSection(SolutionProperties) = preSolution
		HideSolutionNode = FALSE
	EndGlobalSection
	GlobalSection(ExtensibilityGlobals) = postSolution
		SolutionGuid = {CBA002A4-9288-440B-AE65-61C014BC9F4C}
	EndGlobalSection
EndGlobal
